// !$*UTF8*$!
{
	archiveVersion = 1;
	classes = {
	};
	objectVersion = 60;
	objects = {

/* Begin PBXBuildFile section */
		910E2BD12BDBAB1D006EBE1B /* AppDelegate.swift in Sources */ = {isa = PBXBuildFile; fileRef = 910E2BD02BDBAB1D006EBE1B /* AppDelegate.swift */; };
		910E2BD32BDBAB1D006EBE1B /* SceneDelegate.swift in Sources */ = {isa = PBXBuildFile; fileRef = 910E2BD22BDBAB1D006EBE1B /* SceneDelegate.swift */; };
		910E2BD52BDBAB1D006EBE1B /* ViewController.swift in Sources */ = {isa = PBXBuildFile; fileRef = 910E2BD42BDBAB1D006EBE1B /* ViewController.swift */; };
		910E2BD82BDBAB1D006EBE1B /* Base in Resources */ = {isa = PBXBuildFile; fileRef = 910E2BD72BDBAB1D006EBE1B /* Base */; };
		910E2BDA2BDBAB1F006EBE1B /* Assets.xcassets in Resources */ = {isa = PBXBuildFile; fileRef = 910E2BD92BDBAB1F006EBE1B /* Assets.xcassets */; };
		910E2BDD2BDBAB1F006EBE1B /* Base in Resources */ = {isa = PBXBuildFile; fileRef = 910E2BDC2BDBAB1F006EBE1B /* Base */; };
		910E2BE62BDBAF53006EBE1B /* AmaniSPM in Frameworks */ = {isa = PBXBuildFile; productRef = 910E2BE52BDBAF53006EBE1B /* AmaniSPM */; };
/* End PBXBuildFile section */

/* Begin PBXFileReference section */
		910E2BCD2BDBAB1D006EBE1B /* PublishAmaniSPM.app */ = {isa = PBXFileReference; explicitFileType = wrapper.application; includeInIndex = 0; path = PublishAmaniSPM.app; sourceTree = BUILT_PRODUCTS_DIR; };
		910E2BD02BDBAB1D006EBE1B /* AppDelegate.swift */ = {isa = PBXFileReference; lastKnownFileType = sourcecode.swift; path = AppDelegate.swift; sourceTree = "<group>"; };
		910E2BD22BDBAB1D006EBE1B /* SceneDelegate.swift */ = {isa = PBXFileReference; lastKnownFileType = sourcecode.swift; path = SceneDelegate.swift; sourceTree = "<group>"; };
		910E2BD42BDBAB1D006EBE1B /* ViewController.swift */ = {isa = PBXFileReference; lastKnownFileType = sourcecode.swift; path = ViewController.swift; sourceTree = "<group>"; };
		910E2BD72BDBAB1D006EBE1B /* Base */ = {isa = PBXFileReference; lastKnownFileType = file.storyboard; name = Base; path = Base.lproj/Main.storyboard; sourceTree = "<group>"; };
		910E2BD92BDBAB1F006EBE1B /* Assets.xcassets */ = {isa = PBXFileReference; lastKnownFileType = folder.assetcatalog; path = Assets.xcassets; sourceTree = "<group>"; };
		910E2BDC2BDBAB1F006EBE1B /* Base */ = {isa = PBXFileReference; lastKnownFileType = file.storyboard; name = Base; path = Base.lproj/LaunchScreen.storyboard; sourceTree = "<group>"; };
		910E2BDE2BDBAB1F006EBE1B /* Info.plist */ = {isa = PBXFileReference; lastKnownFileType = text.plist.xml; path = Info.plist; sourceTree = "<group>"; };
/* End PBXFileReference section */

/* Begin PBXFrameworksBuildPhase section */
		910E2BCA2BDBAB1D006EBE1B /* Frameworks */ = {
			isa = PBXFrameworksBuildPhase;
			buildActionMask = 2147483647;
			files = (
				910E2BE62BDBAF53006EBE1B /* AmaniSPM in Frameworks */,
			);
			runOnlyForDeploymentPostprocessing = 0;
		};
/* End PBXFrameworksBuildPhase section */

/* Begin PBXGroup section */
		910E2BC42BDBAB1D006EBE1B = {
			isa = PBXGroup;
			children = (
				910E2BCF2BDBAB1D006EBE1B /* PublishAmaniSPM */,
				910E2BCE2BDBAB1D006EBE1B /* Products */,
			);
			sourceTree = "<group>";
		};
		910E2BCE2BDBAB1D006EBE1B /* Products */ = {
			isa = PBXGroup;
			children = (
				910E2BCD2BDBAB1D006EBE1B /* PublishAmaniSPM.app */,
			);
			name = Products;
			sourceTree = "<group>";
		};
		910E2BCF2BDBAB1D006EBE1B /* PublishAmaniSPM */ = {
			isa = PBXGroup;
			children = (
				910E2BD02BDBAB1D006EBE1B /* AppDelegate.swift */,
				910E2BD22BDBAB1D006EBE1B /* SceneDelegate.swift */,
				910E2BD42BDBAB1D006EBE1B /* ViewController.swift */,
				910E2BD62BDBAB1D006EBE1B /* Main.storyboard */,
				910E2BD92BDBAB1F006EBE1B /* Assets.xcassets */,
				910E2BDB2BDBAB1F006EBE1B /* LaunchScreen.storyboard */,
				910E2BDE2BDBAB1F006EBE1B /* Info.plist */,
			);
			path = PublishAmaniSPM;
			sourceTree = "<group>";
		};
/* End PBXGroup section */

/* Begin PBXNativeTarget section */
		910E2BCC2BDBAB1D006EBE1B /* PublishAmaniSPM */ = {
			isa = PBXNativeTarget;
			buildConfigurationList = 910E2BE12BDBAB1F006EBE1B /* Build configuration list for PBXNativeTarget "PublishAmaniSPM" */;
			buildPhases = (
				910E2BC92BDBAB1D006EBE1B /* Sources */,
				910E2BCA2BDBAB1D006EBE1B /* Frameworks */,
				910E2BCB2BDBAB1D006EBE1B /* Resources */,
			);
			buildRules = (
			);
			dependencies = (
			);
			name = PublishAmaniSPM;
			packageProductDependencies = (
				910E2BE52BDBAF53006EBE1B /* AmaniSPM */,
			);
			productName = PublishAmaniSPM;
			productReference = 910E2BCD2BDBAB1D006EBE1B /* PublishAmaniSPM.app */;
			productType = "com.apple.product-type.application";
		};
/* End PBXNativeTarget section */

/* Begin PBXProject section */
		910E2BC52BDBAB1D006EBE1B /* Project object */ = {
			isa = PBXProject;
			attributes = {
				BuildIndependentTargetsInParallel = 1;
				LastSwiftUpdateCheck = 1530;
				LastUpgradeCheck = 1530;
				TargetAttributes = {
					910E2BCC2BDBAB1D006EBE1B = {
						CreatedOnToolsVersion = 15.3;
					};
				};
			};
			buildConfigurationList = 910E2BC82BDBAB1D006EBE1B /* Build configuration list for PBXProject "PublishAmaniSPM" */;
			compatibilityVersion = "Xcode 14.0";
			developmentRegion = en;
			hasScannedForEncodings = 0;
			knownRegions = (
				en,
				Base,
			);
			mainGroup = 910E2BC42BDBAB1D006EBE1B;
			packageReferences = (
				910E2BE42BDBAF53006EBE1B /* XCLocalSwiftPackageReference "../AmaniSPM" */,
			);
			productRefGroup = 910E2BCE2BDBAB1D006EBE1B /* Products */;
			projectDirPath = "";
			projectRoot = "";
			targets = (
				910E2BCC2BDBAB1D006EBE1B /* PublishAmaniSPM */,
			);
		};
/* End PBXProject section */

/* Begin PBXResourcesBuildPhase section */
		910E2BCB2BDBAB1D006EBE1B /* Resources */ = {
			isa = PBXResourcesBuildPhase;
			buildActionMask = 2147483647;
			files = (
				910E2BDA2BDBAB1F006EBE1B /* Assets.xcassets in Resources */,
				910E2BDD2BDBAB1F006EBE1B /* Base in Resources */,
				910E2BD82BDBAB1D006EBE1B /* Base in Resources */,
			);
			runOnlyForDeploymentPostprocessing = 0;
		};
/* End PBXResourcesBuildPhase section */

/* Begin PBXSourcesBuildPhase section */
		910E2BC92BDBAB1D006EBE1B /* Sources */ = {
			isa = PBXSourcesBuildPhase;
			buildActionMask = 2147483647;
			files = (
				910E2BD52BDBAB1D006EBE1B /* ViewController.swift in Sources */,
				910E2BD12BDBAB1D006EBE1B /* AppDelegate.swift in Sources */,
				910E2BD32BDBAB1D006EBE1B /* SceneDelegate.swift in Sources */,
			);
			runOnlyForDeploymentPostprocessing = 0;
		};
/* End PBXSourcesBuildPhase section */

/* Begin PBXVariantGroup section */
		910E2BD62BDBAB1D006EBE1B /* Main.storyboard */ = {
			isa = PBXVariantGroup;
			children = (
				910E2BD72BDBAB1D006EBE1B /* Base */,
			);
			name = Main.storyboard;
			sourceTree = "<group>";
		};
		910E2BDB2BDBAB1F006EBE1B /* LaunchScreen.storyboard */ = {
			isa = PBXVariantGroup;
			children = (
				910E2BDC2BDBAB1F006EBE1B /* Base */,
			);
			name = LaunchScreen.storyboard;
			sourceTree = "<group>";
		};
/* End PBXVariantGroup section */

/* Begin XCBuildConfiguration section */
		910E2BDF2BDBAB1F006EBE1B /* Debug */ = {
			isa = XCBuildConfiguration;
			buildSettings = {
				ALWAYS_SEARCH_USER_PATHS = NO;
				ASSETCATALOG_COMPILER_GENERATE_SWIFT_ASSET_SYMBOL_EXTENSIONS = YES;
				CLANG_ANALYZER_NONNULL = YES;
				CLANG_ANALYZER_NUMBER_OBJECT_CONVERSION = YES_AGGRESSIVE;
				CLANG_CXX_LANGUAGE_STANDARD = "gnu++20";
				CLANG_ENABLE_MODULES = YES;
				CLANG_ENABLE_OBJC_ARC = YES;
				CLANG_ENABLE_OBJC_WEAK = YES;
				CLANG_WARN_BLOCK_CAPTURE_AUTORELEASING = YES;
				CLANG_WARN_BOOL_CONVERSION = YES;
				CLANG_WARN_COMMA = YES;
				CLANG_WARN_CONSTANT_CONVERSION = YES;
				CLANG_WARN_DEPRECATED_OBJC_IMPLEMENTATIONS = YES;
				CLANG_WARN_DIRECT_OBJC_ISA_USAGE = YES_ERROR;
				CLANG_WARN_DOCUMENTATION_COMMENTS = YES;
				CLANG_WARN_EMPTY_BODY = YES;
				CLANG_WARN_ENUM_CONVERSION = YES;
				CLANG_WARN_INFINITE_RECURSION = YES;
				CLANG_WARN_INT_CONVERSION = YES;
				CLANG_WARN_NON_LITERAL_NULL_CONVERSION = YES;
				CLANG_WARN_OBJC_IMPLICIT_RETAIN_SELF = YES;
				CLANG_WARN_OBJC_LITERAL_CONVERSION = YES;
				CLANG_WARN_OBJC_ROOT_CLASS = YES_ERROR;
				CLANG_WARN_QUOTED_INCLUDE_IN_FRAMEWORK_HEADER = YES;
				CLANG_WARN_RANGE_LOOP_ANALYSIS = YES;
				CLANG_WARN_STRICT_PROTOTYPES = YES;
				CLANG_WARN_SUSPICIOUS_MOVE = YES;
				CLANG_WARN_UNGUARDED_AVAILABILITY = YES_AGGRESSIVE;
				CLANG_WARN_UNREACHABLE_CODE = YES;
				CLANG_WARN__DUPLICATE_METHOD_MATCH = YES;
				COPY_PHASE_STRIP = NO;
				DEBUG_INFORMATION_FORMAT = dwarf;
				ENABLE_STRICT_OBJC_MSGSEND = YES;
				ENABLE_TESTABILITY = YES;
				ENABLE_USER_SCRIPT_SANDBOXING = YES;
				GCC_C_LANGUAGE_STANDARD = gnu17;
				GCC_DYNAMIC_NO_PIC = NO;
				GCC_NO_COMMON_BLOCKS = YES;
				GCC_OPTIMIZATION_LEVEL = 0;
				GCC_PREPROCESSOR_DEFINITIONS = (
					"DEBUG=1",
					"$(inherited)",
				);
				GCC_WARN_64_TO_32_BIT_CONVERSION = YES;
				GCC_WARN_ABOUT_RETURN_TYPE = YES_ERROR;
				GCC_WARN_UNDECLARED_SELECTOR = YES;
				GCC_WARN_UNINITIALIZED_AUTOS = YES_AGGRESSIVE;
				GCC_WARN_UNUSED_FUNCTION = YES;
				GCC_WARN_UNUSED_VARIABLE = YES;
				IPHONEOS_DEPLOYMENT_TARGET = 17.4;
				LOCALIZATION_PREFERS_STRING_CATALOGS = YES;
				MTL_ENABLE_DEBUG_INFO = INCLUDE_SOURCE;
				MTL_FAST_MATH = YES;
				ONLY_ACTIVE_ARCH = YES;
				SDKROOT = iphoneos;
				SWIFT_ACTIVE_COMPILATION_CONDITIONS = "DEBUG $(inherited)";
				SWIFT_OPTIMIZATION_LEVEL = "-Onone";
			};
			name = Debug;
		};
		910E2BE02BDBAB1F006EBE1B /* Release */ = {
			isa = XCBuildConfiguration;
			buildSettings = {
				ALWAYS_SEARCH_USER_PATHS = NO;
				ASSETCATALOG_COMPILER_GENERATE_SWIFT_ASSET_SYMBOL_EXTENSIONS = YES;
				CLANG_ANALYZER_NONNULL = YES;
				CLANG_ANALYZER_NUMBER_OBJECT_CONVERSION = YES_AGGRESSIVE;
				CLANG_CXX_LANGUAGE_STANDARD = "gnu++20";
				CLANG_ENABLE_MODULES = YES;
				CLANG_ENABLE_OBJC_ARC = YES;
				CLANG_ENABLE_OBJC_WEAK = YES;
				CLANG_WARN_BLOCK_CAPTURE_AUTORELEASING = YES;
				CLANG_WARN_BOOL_CONVERSION = YES;
				CLANG_WARN_COMMA = YES;
				CLANG_WARN_CONSTANT_CONVERSION = YES;
				CLANG_WARN_DEPRECATED_OBJC_IMPLEMENTATIONS = YES;
				CLANG_WARN_DIRECT_OBJC_ISA_USAGE = YES_ERROR;
				CLANG_WARN_DOCUMENTATION_COMMENTS = YES;
				CLANG_WARN_EMPTY_BODY = YES;
				CLANG_WARN_ENUM_CONVERSION = YES;
				CLANG_WARN_INFINITE_RECURSION = YES;
				CLANG_WARN_INT_CONVERSION = YES;
				CLANG_WARN_NON_LITERAL_NULL_CONVERSION = YES;
				CLANG_WARN_OBJC_IMPLICIT_RETAIN_SELF = YES;
				CLANG_WARN_OBJC_LITERAL_CONVERSION = YES;
				CLANG_WARN_OBJC_ROOT_CLASS = YES_ERROR;
				CLANG_WARN_QUOTED_INCLUDE_IN_FRAMEWORK_HEADER = YES;
				CLANG_WARN_RANGE_LOOP_ANALYSIS = YES;
				CLANG_WARN_STRICT_PROTOTYPES = YES;
				CLANG_WARN_SUSPICIOUS_MOVE = YES;
				CLANG_WARN_UNGUARDED_AVAILABILITY = YES_AGGRESSIVE;
				CLANG_WARN_UNREACHABLE_CODE = YES;
				CLANG_WARN__DUPLICATE_METHOD_MATCH = YES;
				COPY_PHASE_STRIP = NO;
				DEBUG_INFORMATION_FORMAT = "dwarf-with-dsym";
				ENABLE_NS_ASSERTIONS = NO;
				ENABLE_STRICT_OBJC_MSGSEND = YES;
				ENABLE_USER_SCRIPT_SANDBOXING = YES;
				GCC_C_LANGUAGE_STANDARD = gnu17;
				GCC_NO_COMMON_BLOCKS = YES;
				GCC_WARN_64_TO_32_BIT_CONVERSION = YES;
				GCC_WARN_ABOUT_RETURN_TYPE = YES_ERROR;
				GCC_WARN_UNDECLARED_SELECTOR = YES;
				GCC_WARN_UNINITIALIZED_AUTOS = YES_AGGRESSIVE;
				GCC_WARN_UNUSED_FUNCTION = YES;
				GCC_WARN_UNUSED_VARIABLE = YES;
				IPHONEOS_DEPLOYMENT_TARGET = 17.4;
				LOCALIZATION_PREFERS_STRING_CATALOGS = YES;
				MTL_ENABLE_DEBUG_INFO = NO;
				MTL_FAST_MATH = YES;
				SDKROOT = iphoneos;
				SWIFT_COMPILATION_MODE = wholemodule;
				VALIDATE_PRODUCT = YES;
			};
			name = Release;
		};
		910E2BE22BDBAB1F006EBE1B /* Debug */ = {
			isa = XCBuildConfiguration;
			buildSettings = {
				ASSETCATALOG_COMPILER_APPICON_NAME = AppIcon;
				ASSETCATALOG_COMPILER_GLOBAL_ACCENT_COLOR_NAME = AccentColor;
				CODE_SIGN_STYLE = Automatic;
				CURRENT_PROJECT_VERSION = 1;
				DEVELOPMENT_TEAM = 24V9HW64Y3;
				GENERATE_INFOPLIST_FILE = YES;
				INFOPLIST_FILE = PublishAmaniSPM/Info.plist;
				INFOPLIST_KEY_UIApplicationSupportsIndirectInputEvents = YES;
				INFOPLIST_KEY_UILaunchStoryboardName = LaunchScreen;
				INFOPLIST_KEY_UIMainStoryboardFile = Main;
				INFOPLIST_KEY_UISupportedInterfaceOrientations_iPad = "UIInterfaceOrientationPortrait UIInterfaceOrientationPortraitUpsideDown UIInterfaceOrientationLandscapeLeft UIInterfaceOrientationLandscapeRight";
				INFOPLIST_KEY_UISupportedInterfaceOrientations_iPhone = "UIInterfaceOrientationPortrait UIInterfaceOrientationLandscapeLeft UIInterfaceOrientationLandscapeRight";
				LD_RUNPATH_SEARCH_PATHS = (
					"$(inherited)",
					"@executable_path/Frameworks",
				);
				MACH_O_TYPE = staticlib;
				MARKETING_VERSION = 1.0;
				PRODUCT_BUNDLE_IDENTIFIER = com.amani.PublishAmaniSPM;
				PRODUCT_NAME = "$(TARGET_NAME)";
				SWIFT_EMIT_LOC_STRINGS = YES;
				SWIFT_VERSION = 5.0;
				TARGETED_DEVICE_FAMILY = "1,2";
			};
			name = Debug;
		};
		910E2BE32BDBAB1F006EBE1B /* Release */ = {
			isa = XCBuildConfiguration;
			buildSettings = {
				ASSETCATALOG_COMPILER_APPICON_NAME = AppIcon;
				ASSETCATALOG_COMPILER_GLOBAL_ACCENT_COLOR_NAME = AccentColor;
				CODE_SIGN_STYLE = Automatic;
				CURRENT_PROJECT_VERSION = 1;
				DEVELOPMENT_TEAM = 24V9HW64Y3;
				GENERATE_INFOPLIST_FILE = YES;
				INFOPLIST_FILE = PublishAmaniSPM/Info.plist;
				INFOPLIST_KEY_UIApplicationSupportsIndirectInputEvents = YES;
				INFOPLIST_KEY_UILaunchStoryboardName = LaunchScreen;
				INFOPLIST_KEY_UIMainStoryboardFile = Main;
				INFOPLIST_KEY_UISupportedInterfaceOrientations_iPad = "UIInterfaceOrientationPortrait UIInterfaceOrientationPortraitUpsideDown UIInterfaceOrientationLandscapeLeft UIInterfaceOrientationLandscapeRight";
				INFOPLIST_KEY_UISupportedInterfaceOrientations_iPhone = "UIInterfaceOrientationPortrait UIInterfaceOrientationLandscapeLeft UIInterfaceOrientationLandscapeRight";
				LD_RUNPATH_SEARCH_PATHS = (
					"$(inherited)",
					"@executable_path/Frameworks",
				);
				MACH_O_TYPE = staticlib;
				MARKETING_VERSION = 1.0;
				PRODUCT_BUNDLE_IDENTIFIER = com.amani.PublishAmaniSPM;
				PRODUCT_NAME = "$(TARGET_NAME)";
				SWIFT_EMIT_LOC_STRINGS = YES;
				SWIFT_VERSION = 5.0;
				TARGETED_DEVICE_FAMILY = "1,2";
			};
			name = Release;
		};
/* End XCBuildConfiguration section */

/* Begin XCConfigurationList section */
		910E2BC82BDBAB1D006EBE1B /* Build configuration list for PBXProject "PublishAmaniSPM" */ = {
			isa = XCConfigurationList;
			buildConfigurations = (
				910E2BDF2BDBAB1F006EBE1B /* Debug */,
				910E2BE02BDBAB1F006EBE1B /* Release */,
			);
			defaultConfigurationIsVisible = 0;
			defaultConfigurationName = Release;
		};
		910E2BE12BDBAB1F006EBE1B /* Build configuration list for PBXNativeTarget "PublishAmaniSPM" */ = {
			isa = XCConfigurationList;
			buildConfigurations = (
				910E2BE22BDBAB1F006EBE1B /* Debug */,
				910E2BE32BDBAB1F006EBE1B /* Release */,
			);
			defaultConfigurationIsVisible = 0;
			defaultConfigurationName = Release;
		};
/* End XCConfigurationList section */

/* Begin XCLocalSwiftPackageReference section */
		910E2BE42BDBAF53006EBE1B /* XCLocalSwiftPackageReference "../AmaniSPM" */ = {
			isa = XCLocalSwiftPackageReference;
			relativePath = ../AmaniSPM;
		};
/* End XCLocalSwiftPackageReference section */

/* Begin XCSwiftPackageProductDependency section */
		910E2BE52BDBAF53006EBE1B /* AmaniSPM */ = {
			isa = XCSwiftPackageProductDependency;
			productName = AmaniSPM;
		};
/* End XCSwiftPackageProductDependency section */
	};
	rootObject = 910E2BC52BDBAB1D006EBE1B /* Project object */;
}
